
Microsoft Visual Studio Solution File, Format Version 12.00
# Visual Studio 15
VisualStudioVersion = 15.0.26730.16
MinimumVisualStudioVersion = 10.0.40219.1
Project("{FAE04EC0-301F-11D3-BF4B-00C04F79EFBC}") = "ReadingFile", "ReadingFile\ReadingFile.csproj", "{03185774-28E8-421F-BB12-84F845C740E7}"
EndProject
Project("{FAE04EC0-301F-11D3-BF4B-00C04F79EFBC}") = "Reading image", "Reading image\Reading image.csproj", "{EC0D75DA-596A-4164-96AD-96043D311ACC}"
EndProject
Project("{2150E333-8FDC-42A3-9474-1A3956D46DE8}") = "Reading or Writing to Disk", "Reading or Writing to Disk", "{B8F88BF1-4268-46C4-BED9-DCBBBE2383FE}"
EndProject
Project("{2150E333-8FDC-42A3-9474-1A3956D46DE8}") = "DrawingToScreen", "DrawingToScreen", "{45E6B5F4-6E8D-4322-839D-0940E7948441}"
EndProject
Project("{FAE04EC0-301F-11D3-BF4B-00C04F79EFBC}") = "StructureGridAndDisplayIt", "Basic01\StructureGridAndDisplayIt.csproj", "{46E9DF35-14E2-4123-BB78-7800A75885BA}"
EndProject
Project("{FAE04EC0-301F-11D3-BF4B-00C04F79EFBC}") = "WorldDomination", "WorldDomination\WorldDomination.csproj", "{67EAB1CC-6C65-42BA-A90E-F0B117189947}"
EndProject
Project("{2150E333-8FDC-42A3-9474-1A3956D46DE8}") = "MTA_WK1", "MTA_WK1", "{7185C72C-C76B-413C-9498-F02B767A7098}"
EndProject
Project("{FAE04EC0-301F-11D3-BF4B-00C04F79EFBC}") = "Opdracht1", "Opdracht1\Opdracht1.csproj", "{64BB5408-559E-4B14-978D-D14DDA5EEE3D}"
EndProject
Project("{2150E333-8FDC-42A3-9474-1A3956D46DE8}") = "MTA_WK2", "MTA_WK2", "{08876BBA-1BAF-4771-88E1-58072C1FD1C4}"
EndProject
Project("{FAE04EC0-301F-11D3-BF4B-00C04F79EFBC}") = "Delegates", "DelegatesBegrijpen\Delegates.csproj", "{0F5A0473-B9C8-4559-8184-BA6EA6E53A8F}"
EndProject
Project("{FAE04EC0-301F-11D3-BF4B-00C04F79EFBC}") = "Polymorphism", "Polymorphism\Polymorphism.csproj", "{8A62150C-B6FD-4089-8DB0-CA8A4262B22F}"
EndProject
Project("{FAE04EC0-301F-11D3-BF4B-00C04F79EFBC}") = "Interfaces", "Interfaces\Interfaces.csproj", "{18BCA846-AC1C-42AB-88F9-F364A266BED5}"
EndProject
Project("{2150E333-8FDC-42A3-9474-1A3956D46DE8}") = "Animations", "Animations", "{2A3E62E6-1353-41B2-966B-7DBFFAAB6809}"
EndProject
Project("{2150E333-8FDC-42A3-9474-1A3956D46DE8}") = "Maps", "Maps", "{65DF0FC9-B7BA-4699-9C66-1780E545AF91}"
EndProject
Project("{2150E333-8FDC-42A3-9474-1A3956D46DE8}") = "Journal", "Journal", "{E6F713B4-5F03-4DD4-BC4D-8365B94A6EA3}"
EndProject
Project("{FAE04EC0-301F-11D3-BF4B-00C04F79EFBC}") = "Journal", "Journal\Journal.csproj", "{2FDF43D6-F879-4A3B-999B-84597A4E49EE}"
EndProject
Project("{2150E333-8FDC-42A3-9474-1A3956D46DE8}") = "MTA_WK3", "MTA_WK3", "{E6117FD3-F945-45D3-A832-6BD1E0E610D2}"
EndProject
Project("{FAE04EC0-301F-11D3-BF4B-00C04F79EFBC}") = "BubbleSort", "BubbleSort\BubbleSort.csproj", "{90CC9E49-F131-45D1-BC5B-07982B68C56E}"
EndProject
Project("{FAE04EC0-301F-11D3-BF4B-00C04F79EFBC}") = "Quicksort", "Quicksort\Quicksort.csproj", "{D5BB80A2-786E-4081-A898-96616E726B67}"
EndProject
Project("{2150E333-8FDC-42A3-9474-1A3956D46DE8}") = "MTA_WK4", "MTA_WK4", "{48FB10A0-6046-460A-B00D-9882C3C7D0B3}"
EndProject
Project("{E24C65DC-7377-472B-9ABA-BC803B73C61A}") = "WebService", "..\..\WebSites\WebService\", "{472DBDB3-FB50-4BC9-AA05-35D531C7D8A5}"
	ProjectSection(WebsiteProperties) = preProject
		TargetFrameworkMoniker = ".NETFramework,Version%3Dv4.6.1"
		Debug.AspNetCompiler.VirtualPath = "/localhost_51305"
		Debug.AspNetCompiler.PhysicalPath = "..\..\WebSites\WebService\"
		Debug.AspNetCompiler.TargetPath = "PrecompiledWeb\localhost_51305\"
		Debug.AspNetCompiler.Updateable = "true"
		Debug.AspNetCompiler.ForceOverwrite = "true"
		Debug.AspNetCompiler.FixedNames = "false"
		Debug.AspNetCompiler.Debug = "True"
		Release.AspNetCompiler.VirtualPath = "/localhost_51305"
		Release.AspNetCompiler.PhysicalPath = "..\..\WebSites\WebService\"
		Release.AspNetCompiler.TargetPath = "PrecompiledWeb\localhost_51305\"
		Release.AspNetCompiler.Updateable = "true"
		Release.AspNetCompiler.ForceOverwrite = "true"
		Release.AspNetCompiler.FixedNames = "false"
		Release.AspNetCompiler.Debug = "False"
		VWDPort = "51305"
		SlnRelativePath = "..\..\WebSites\WebService\"
		DefaultWebSiteLanguage = "Visual C#"
	EndProjectSection
EndProject
Project("{9A19103F-16F7-4668-BE54-9A1E7A4F7556}") = "Assesment", "Assesment\Assesment.csproj", "{0B625721-3B30-408A-91C7-F4532C4D7661}"
EndProject
Project("{FAE04EC0-301F-11D3-BF4B-00C04F79EFBC}") = "TextWebServiceClient", "TextWebServiceClient\TextWebServiceClient.csproj", "{FE4B7AD5-498D-4012-8AB8-6E25FD651646}"
EndProject
Project("{2150E333-8FDC-42A3-9474-1A3956D46DE8}") = "Data Structures", "Data Structures", "{64FFFE54-97B8-4E94-8293-BDF443C03256}"
EndProject
Project("{FAE04EC0-301F-11D3-BF4B-00C04F79EFBC}") = "HashMapTable", "HashMapTable\HashMapTable.csproj", "{83B35DFF-BD45-49E3-A9ED-00E16BAC8A71}"
EndProject
Project("{FAE04EC0-301F-11D3-BF4B-00C04F79EFBC}") = "BinarySearch", "BinarySearch\BinarySearch.csproj", "{F04EB0A2-0556-4B12-94C6-4686BBF87480}"
EndProject
Project("{2150E333-8FDC-42A3-9474-1A3956D46DE8}") = "MTA_WK5", "MTA_WK5", "{5627CCA3-CF78-4998-BD94-F8904343ADE5}"
EndProject
Project("{FAE04EC0-301F-11D3-BF4B-00C04F79EFBC}") = "FirstService", "FirstService\FirstService.csproj", "{0FB91913-C587-4010-9802-9F297B04143F}"
EndProject
Project("{2150E333-8FDC-42A3-9474-1A3956D46DE8}") = "Recursion", "Recursion", "{1384CE2C-E639-4ABE-B5CB-C5B489895D40}"
EndProject
Project("{FAE04EC0-301F-11D3-BF4B-00C04F79EFBC}") = "RecursionHandshaking", "RecursionHandshaking\RecursionHandshaking.csproj", "{8A8250E7-23E6-445E-889A-6F854BE664C2}"
EndProject
Project("{FAE04EC0-301F-11D3-BF4B-00C04F79EFBC}") = "3dBox", "3dBox\3dBox\3dBox.csproj", "{6F4347E4-D1FC-4FBD-8176-BB6DCD574142}"
EndProject
Project("{2150E333-8FDC-42A3-9474-1A3956D46DE8}") = "OpenTK", "OpenTK", "{E175D02C-00A3-47D3-A4EE-55F7BCD55CA5}"
EndProject
Project("{FAE04EC0-301F-11D3-BF4B-00C04F79EFBC}") = "Minecraft Clone", "FirstProjectOpenTK\Minecraft Clone.csproj", "{5C84FC50-83BA-4CAA-BA1F-D3DCF73DF721}"
EndProject
Global
	GlobalSection(SolutionConfigurationPlatforms) = preSolution
		Debug|Any CPU = Debug|Any CPU
		Release|Any CPU = Release|Any CPU
	EndGlobalSection
	GlobalSection(ProjectConfigurationPlatforms) = postSolution
		{03185774-28E8-421F-BB12-84F845C740E7}.Debug|Any CPU.ActiveCfg = Debug|Any CPU
		{03185774-28E8-421F-BB12-84F845C740E7}.Debug|Any CPU.Build.0 = Debug|Any CPU
		{03185774-28E8-421F-BB12-84F845C740E7}.Release|Any CPU.ActiveCfg = Release|Any CPU
		{03185774-28E8-421F-BB12-84F845C740E7}.Release|Any CPU.Build.0 = Release|Any CPU
		{EC0D75DA-596A-4164-96AD-96043D311ACC}.Debug|Any CPU.ActiveCfg = Debug|Any CPU
		{EC0D75DA-596A-4164-96AD-96043D311ACC}.Debug|Any CPU.Build.0 = Debug|Any CPU
		{EC0D75DA-596A-4164-96AD-96043D311ACC}.Release|Any CPU.ActiveCfg = Release|Any CPU
		{EC0D75DA-596A-4164-96AD-96043D311ACC}.Release|Any CPU.Build.0 = Release|Any CPU
		{46E9DF35-14E2-4123-BB78-7800A75885BA}.Debug|Any CPU.ActiveCfg = Debug|Any CPU
		{46E9DF35-14E2-4123-BB78-7800A75885BA}.Debug|Any CPU.Build.0 = Debug|Any CPU
		{46E9DF35-14E2-4123-BB78-7800A75885BA}.Release|Any CPU.ActiveCfg = Release|Any CPU
		{46E9DF35-14E2-4123-BB78-7800A75885BA}.Release|Any CPU.Build.0 = Release|Any CPU
		{67EAB1CC-6C65-42BA-A90E-F0B117189947}.Debug|Any CPU.ActiveCfg = Debug|Any CPU
		{67EAB1CC-6C65-42BA-A90E-F0B117189947}.Debug|Any CPU.Build.0 = Debug|Any CPU
		{67EAB1CC-6C65-42BA-A90E-F0B117189947}.Release|Any CPU.ActiveCfg = Release|Any CPU
		{67EAB1CC-6C65-42BA-A90E-F0B117189947}.Release|Any CPU.Build.0 = Release|Any CPU
		{64BB5408-559E-4B14-978D-D14DDA5EEE3D}.Debug|Any CPU.ActiveCfg = Debug|Any CPU
		{64BB5408-559E-4B14-978D-D14DDA5EEE3D}.Debug|Any CPU.Build.0 = Debug|Any CPU
		{64BB5408-559E-4B14-978D-D14DDA5EEE3D}.Release|Any CPU.ActiveCfg = Release|Any CPU
		{64BB5408-559E-4B14-978D-D14DDA5EEE3D}.Release|Any CPU.Build.0 = Release|Any CPU
		{0F5A0473-B9C8-4559-8184-BA6EA6E53A8F}.Debug|Any CPU.ActiveCfg = Debug|Any CPU
		{0F5A0473-B9C8-4559-8184-BA6EA6E53A8F}.Debug|Any CPU.Build.0 = Debug|Any CPU
		{0F5A0473-B9C8-4559-8184-BA6EA6E53A8F}.Release|Any CPU.ActiveCfg = Release|Any CPU
		{0F5A0473-B9C8-4559-8184-BA6EA6E53A8F}.Release|Any CPU.Build.0 = Release|Any CPU
		{8A62150C-B6FD-4089-8DB0-CA8A4262B22F}.Debug|Any CPU.ActiveCfg = Debug|Any CPU
		{8A62150C-B6FD-4089-8DB0-CA8A4262B22F}.Debug|Any CPU.Build.0 = Debug|Any CPU
		{8A62150C-B6FD-4089-8DB0-CA8A4262B22F}.Release|Any CPU.ActiveCfg = Release|Any CPU
		{8A62150C-B6FD-4089-8DB0-CA8A4262B22F}.Release|Any CPU.Build.0 = Release|Any CPU
		{18BCA846-AC1C-42AB-88F9-F364A266BED5}.Debug|Any CPU.ActiveCfg = Debug|Any CPU
		{18BCA846-AC1C-42AB-88F9-F364A266BED5}.Debug|Any CPU.Build.0 = Debug|Any CPU
		{18BCA846-AC1C-42AB-88F9-F364A266BED5}.Release|Any CPU.ActiveCfg = Release|Any CPU
		{18BCA846-AC1C-42AB-88F9-F364A266BED5}.Release|Any CPU.Build.0 = Release|Any CPU
		{2FDF43D6-F879-4A3B-999B-84597A4E49EE}.Debug|Any CPU.ActiveCfg = Debug|Any CPU
		{2FDF43D6-F879-4A3B-999B-84597A4E49EE}.Debug|Any CPU.Build.0 = Debug|Any CPU
		{2FDF43D6-F879-4A3B-999B-84597A4E49EE}.Release|Any CPU.ActiveCfg = Release|Any CPU
		{2FDF43D6-F879-4A3B-999B-84597A4E49EE}.Release|Any CPU.Build.0 = Release|Any CPU
		{90CC9E49-F131-45D1-BC5B-07982B68C56E}.Debug|Any CPU.ActiveCfg = Debug|Any CPU
		{90CC9E49-F131-45D1-BC5B-07982B68C56E}.Debug|Any CPU.Build.0 = Debug|Any CPU
		{90CC9E49-F131-45D1-BC5B-07982B68C56E}.Release|Any CPU.ActiveCfg = Release|Any CPU
		{90CC9E49-F131-45D1-BC5B-07982B68C56E}.Release|Any CPU.Build.0 = Release|Any CPU
		{D5BB80A2-786E-4081-A898-96616E726B67}.Debug|Any CPU.ActiveCfg = Debug|Any CPU
		{D5BB80A2-786E-4081-A898-96616E726B67}.Debug|Any CPU.Build.0 = Debug|Any CPU
		{D5BB80A2-786E-4081-A898-96616E726B67}.Release|Any CPU.ActiveCfg = Release|Any CPU
		{D5BB80A2-786E-4081-A898-96616E726B67}.Release|Any CPU.Build.0 = Release|Any CPU
		{472DBDB3-FB50-4BC9-AA05-35D531C7D8A5}.Debug|Any CPU.ActiveCfg = Debug|Any CPU
		{472DBDB3-FB50-4BC9-AA05-35D531C7D8A5}.Debug|Any CPU.Build.0 = Debug|Any CPU
		{472DBDB3-FB50-4BC9-AA05-35D531C7D8A5}.Release|Any CPU.ActiveCfg = Debug|Any CPU
		{472DBDB3-FB50-4BC9-AA05-35D531C7D8A5}.Release|Any CPU.Build.0 = Debug|Any CPU
		{0B625721-3B30-408A-91C7-F4532C4D7661}.Debug|Any CPU.ActiveCfg = Debug|Any CPU
		{0B625721-3B30-408A-91C7-F4532C4D7661}.Debug|Any CPU.Build.0 = Debug|Any CPU
		{0B625721-3B30-408A-91C7-F4532C4D7661}.Release|Any CPU.ActiveCfg = Release|Any CPU
		{0B625721-3B30-408A-91C7-F4532C4D7661}.Release|Any CPU.Build.0 = Release|Any CPU
		{FE4B7AD5-498D-4012-8AB8-6E25FD651646}.Debug|Any CPU.ActiveCfg = Debug|Any CPU
		{FE4B7AD5-498D-4012-8AB8-6E25FD651646}.Debug|Any CPU.Build.0 = Debug|Any CPU
		{FE4B7AD5-498D-4012-8AB8-6E25FD651646}.Release|Any CPU.ActiveCfg = Release|Any CPU
		{FE4B7AD5-498D-4012-8AB8-6E25FD651646}.Release|Any CPU.Build.0 = Release|Any CPU
		{83B35DFF-BD45-49E3-A9ED-00E16BAC8A71}.Debug|Any CPU.ActiveCfg = Debug|Any CPU
		{83B35DFF-BD45-49E3-A9ED-00E16BAC8A71}.Debug|Any CPU.Build.0 = Debug|Any CPU
		{83B35DFF-BD45-49E3-A9ED-00E16BAC8A71}.Release|Any CPU.ActiveCfg = Release|Any CPU
		{83B35DFF-BD45-49E3-A9ED-00E16BAC8A71}.Release|Any CPU.Build.0 = Release|Any CPU
		{F04EB0A2-0556-4B12-94C6-4686BBF87480}.Debug|Any CPU.ActiveCfg = Debug|Any CPU
		{F04EB0A2-0556-4B12-94C6-4686BBF87480}.Debug|Any CPU.Build.0 = Debug|Any CPU
		{F04EB0A2-0556-4B12-94C6-4686BBF87480}.Release|Any CPU.ActiveCfg = Release|Any CPU
		{F04EB0A2-0556-4B12-94C6-4686BBF87480}.Release|Any CPU.Build.0 = Release|Any CPU
		{0FB91913-C587-4010-9802-9F297B04143F}.Debug|Any CPU.ActiveCfg = Debug|Any CPU
		{0FB91913-C587-4010-9802-9F297B04143F}.Debug|Any CPU.Build.0 = Debug|Any CPU
		{0FB91913-C587-4010-9802-9F297B04143F}.Release|Any CPU.ActiveCfg = Release|Any CPU
		{0FB91913-C587-4010-9802-9F297B04143F}.Release|Any CPU.Build.0 = Release|Any CPU
		{8A8250E7-23E6-445E-889A-6F854BE664C2}.Debug|Any CPU.ActiveCfg = Debug|Any CPU
		{8A8250E7-23E6-445E-889A-6F854BE664C2}.Debug|Any CPU.Build.0 = Debug|Any CPU
		{8A8250E7-23E6-445E-889A-6F854BE664C2}.Release|Any CPU.ActiveCfg = Release|Any CPU
		{8A8250E7-23E6-445E-889A-6F854BE664C2}.Release|Any CPU.Build.0 = Release|Any CPU
		{6F4347E4-D1FC-4FBD-8176-BB6DCD574142}.Debug|Any CPU.ActiveCfg = Debug|Any CPU
		{6F4347E4-D1FC-4FBD-8176-BB6DCD574142}.Debug|Any CPU.Build.0 = Debug|Any CPU
		{6F4347E4-D1FC-4FBD-8176-BB6DCD574142}.Release|Any CPU.ActiveCfg = Release|Any CPU
		{6F4347E4-D1FC-4FBD-8176-BB6DCD574142}.Release|Any CPU.Build.0 = Release|Any CPU
		{5C84FC50-83BA-4CAA-BA1F-D3DCF73DF721}.Debug|Any CPU.ActiveCfg = Debug|Any CPU
		{5C84FC50-83BA-4CAA-BA1F-D3DCF73DF721}.Debug|Any CPU.Build.0 = Debug|Any CPU
		{5C84FC50-83BA-4CAA-BA1F-D3DCF73DF721}.Release|Any CPU.ActiveCfg = Release|Any CPU
		{5C84FC50-83BA-4CAA-BA1F-D3DCF73DF721}.Release|Any CPU.Build.0 = Release|Any CPU
	EndGlobalSection
	GlobalSection(SolutionProperties) = preSolution
		HideSolutionNode = FALSE
	EndGlobalSection
	GlobalSection(NestedProjects) = preSolution
		{03185774-28E8-421F-BB12-84F845C740E7} = {B8F88BF1-4268-46C4-BED9-DCBBBE2383FE}
		{EC0D75DA-596A-4164-96AD-96043D311ACC} = {B8F88BF1-4268-46C4-BED9-DCBBBE2383FE}
		{46E9DF35-14E2-4123-BB78-7800A75885BA} = {65DF0FC9-B7BA-4699-9C66-1780E545AF91}
		{67EAB1CC-6C65-42BA-A90E-F0B117189947} = {65DF0FC9-B7BA-4699-9C66-1780E545AF91}
		{64BB5408-559E-4B14-978D-D14DDA5EEE3D} = {7185C72C-C76B-413C-9498-F02B767A7098}
		{0F5A0473-B9C8-4559-8184-BA6EA6E53A8F} = {08876BBA-1BAF-4771-88E1-58072C1FD1C4}
		{8A62150C-B6FD-4089-8DB0-CA8A4262B22F} = {08876BBA-1BAF-4771-88E1-58072C1FD1C4}
		{18BCA846-AC1C-42AB-88F9-F364A266BED5} = {08876BBA-1BAF-4771-88E1-58072C1FD1C4}
		{2A3E62E6-1353-41B2-966B-7DBFFAAB6809} = {45E6B5F4-6E8D-4322-839D-0940E7948441}
		{65DF0FC9-B7BA-4699-9C66-1780E545AF91} = {45E6B5F4-6E8D-4322-839D-0940E7948441}
		{2FDF43D6-F879-4A3B-999B-84597A4E49EE} = {E6F713B4-5F03-4DD4-BC4D-8365B94A6EA3}
		{90CC9E49-F131-45D1-BC5B-07982B68C56E} = {E6117FD3-F945-45D3-A832-6BD1E0E610D2}
		{D5BB80A2-786E-4081-A898-96616E726B67} = {E6117FD3-F945-45D3-A832-6BD1E0E610D2}
		{472DBDB3-FB50-4BC9-AA05-35D531C7D8A5} = {48FB10A0-6046-460A-B00D-9882C3C7D0B3}
		{0B625721-3B30-408A-91C7-F4532C4D7661} = {E6117FD3-F945-45D3-A832-6BD1E0E610D2}
		{FE4B7AD5-498D-4012-8AB8-6E25FD651646} = {48FB10A0-6046-460A-B00D-9882C3C7D0B3}
		{83B35DFF-BD45-49E3-A9ED-00E16BAC8A71} = {64FFFE54-97B8-4E94-8293-BDF443C03256}
		{F04EB0A2-0556-4B12-94C6-4686BBF87480} = {64FFFE54-97B8-4E94-8293-BDF443C03256}
		{0FB91913-C587-4010-9802-9F297B04143F} = {5627CCA3-CF78-4998-BD94-F8904343ADE5}
		{8A8250E7-23E6-445E-889A-6F854BE664C2} = {1384CE2C-E639-4ABE-B5CB-C5B489895D40}
		{6F4347E4-D1FC-4FBD-8176-BB6DCD574142} = {E175D02C-00A3-47D3-A4EE-55F7BCD55CA5}
		{5C84FC50-83BA-4CAA-BA1F-D3DCF73DF721} = {E175D02C-00A3-47D3-A4EE-55F7BCD55CA5}
	EndGlobalSection
	GlobalSection(ExtensibilityGlobals) = postSolution
		SolutionGuid = {AC16F786-0C93-48DB-9C10-90521BB8E9FB}
	EndGlobalSection
EndGlobal
